
Microsoft Visual Studio Solution File, Format Version 12.00
# Visual Studio 2012
Project("{FAE04EC0-301F-11D3-BF4B-00C04F79EFBC}") = "NUnit.HomeWork.RunOnlyOnce", "NUnit.HomeWork\NUnit.HomeWork.RunOnlyOnce.csproj", "{3ED14067-7A64-4E07-A843-2CD2BE6ACB53}"
EndProject
Global
	GlobalSection(SolutionConfigurationPlatforms) = preSolution
		Debug|Any CPU = Debug|Any CPU
		Release|Any CPU = Release|Any CPU
	EndGlobalSection
	GlobalSection(ProjectConfigurationPlatforms) = postSolution
		{3ED14067-7A64-4E07-A843-2CD2BE6ACB53}.Debug|Any CPU.ActiveCfg = Debug|Any CPU
		{3ED14067-7A64-4E07-A843-2CD2BE6ACB53}.Debug|Any CPU.Build.0 = Debug|Any CPU
		{3ED14067-7A64-4E07-A843-2CD2BE6ACB53}.Release|Any CPU.ActiveCfg = Release|Any CPU
		{3ED14067-7A64-4E07-A843-2CD2BE6ACB53}.Release|Any CPU.Build.0 = Release|Any CPU
	EndGlobalSection
	GlobalSection(MonoDevelopProperties) = preSolution
		StartupItem = NUnit.HomeWork\NUnit.HomeWork.RunOnlyOnce.csproj
	EndGlobalSection
EndGlobal
